
Microsoft Visual Studio Solution File, Format Version 12.00
# Visual Studio Version 17
VisualStudioVersion = 17.0.32112.339
MinimumVisualStudioVersion = 10.0.40219.1
Project("{FAE04EC0-301F-11D3-BF4B-00C04F79EFBC}") = "Kutuphane07.UI", "Kutuphane07.UI\Kutuphane07.UI.csproj", "{8DA5C4BE-32BB-4285-A24D-2B9A32E1CB23}"
EndProject
Project("{FAE04EC0-301F-11D3-BF4B-00C04F79EFBC}") = "Kutuphane07.DATA", "Kutuphane07.DATA\Kutuphane07.DATA.csproj", "{1BB767BD-5E90-4561-8BE4-9546CB3139A2}"
EndProject
Global
	GlobalSection(SolutionConfigurationPlatforms) = preSolution
		Debug|Any CPU = Debug|Any CPU
		Release|Any CPU = Release|Any CPU
	EndGlobalSection
	GlobalSection(ProjectConfigurationPlatforms) = postSolution
		{8DA5C4BE-32BB-4285-A24D-2B9A32E1CB23}.Debug|Any CPU.ActiveCfg = Debug|Any CPU
		{8DA5C4BE-32BB-4285-A24D-2B9A32E1CB23}.Debug|Any CPU.Build.0 = Debug|Any CPU
		{8DA5C4BE-32BB-4285-A24D-2B9A32E1CB23}.Release|Any CPU.ActiveCfg = Release|Any CPU
		{8DA5C4BE-32BB-4285-A24D-2B9A32E1CB23}.Release|Any CPU.Build.0 = Release|Any CPU
		{1BB767BD-5E90-4561-8BE4-9546CB3139A2}.Debug|Any CPU.ActiveCfg = Debug|Any CPU
		{1BB767BD-5E90-4561-8BE4-9546CB3139A2}.Debug|Any CPU.Build.0 = Debug|Any CPU
		{1BB767BD-5E90-4561-8BE4-9546CB3139A2}.Release|Any CPU.ActiveCfg = Release|Any CPU
		{1BB767BD-5E90-4561-8BE4-9546CB3139A2}.Release|Any CPU.Build.0 = Release|Any CPU
	EndGlobalSection
	GlobalSection(SolutionProperties) = preSolution
		HideSolutionNode = FALSE
	EndGlobalSection
	GlobalSection(ExtensibilityGlobals) = postSolution
		SolutionGuid = {F9BD672F-259E-410B-970D-BBFDC3037BE9}
	EndGlobalSection
EndGlobal
